{
  "name": "vue-demo",
  "version": "1.0.0",
  "lockfileVersion": 1,
  "requires": true,
  "dependencies": {
    "jquery": {
      "version": "3.4.1",
      "resolved": "https://r2.cnpmjs.org/jquery/-/jquery-3.4.1.tgz",
      "integrity": "sha512-36+AdBzCL+y6qjw5Tx7HgzeGCzC81MDDgaUP8ld2zhx58HdqXGoBd+tHdrBMiyjGQs0Hxs/MLZTu/eHNJJuWPw=="
    },
    "semantic-ui-css": {
      "version": "2.4.1",
      "resolved": "http://r.cnpmjs.org/semantic-ui-css/download/semantic-ui-css-2.4.1.tgz",
      "integrity": "sha1-9a6jn6+3h8vZBexyQnKj+cupAEo=",
      "requires": {
        "jquery": "3.4.1"
      }
    },
    "vue": {
      "version": "2.6.10",
      "resolved": "http://r.cnpmjs.org/vue/download/vue-2.6.10.tgz",
      "integrity": "sha1-pysaQqTYKnIepDjRtr9V5mGVxjc="
    }
  }
}
